PODS:
  - Alamofire (4.8.1)
  - FlowKitManager (0.6.1)
  - IQKeyboardManagerSwift (6.2.0)
  - Kingfisher (4.10.1)
  - ObjectMapper (3.4.2)
  - PhoneNumberKit (2.6.0):
    - PhoneNumberKit/PhoneNumberKitCore (= 2.6.0)
    - PhoneNumberKit/UIKit (= 2.6.0)
  - PhoneNumberKit/PhoneNumberKitCore (2.6.0)
  - PhoneNumberKit/UIKit (2.6.0):
    - PhoneNumberKit/PhoneNumberKitCore
  - pop (1.0.12)
  - PureLayout (3.1.4)
  - SwiftyJSON (4.2.0)
  - "UITextView+Placeholder (1.2.1)"

DEPENDENCIES:
  - Alamofire
  - FlowKitManager
  - IQKeyboardManagerSwift
  - Kingfisher
  - ObjectMapper
  - PhoneNumberKit (~> 2.6)
  - pop
  - PureLayout
  - SwiftyJSON
  - "UITextView+Placeholder"

SPEC REPOS:
  https://github.com/cocoapods/specs.git:
    - Alamofire
    - FlowKitManager
    - IQKeyboardManagerSwift
    - Kingfisher
    - ObjectMapper
    - PhoneNumberKit
    - pop
    - PureLayout
    - SwiftyJSON
    - "UITextView+Placeholder"

SPEC CHECKSUMS:
  Alamofire: 16ce2c353fb72865124ddae8a57c5942388f4f11
  FlowKitManager: fd5ac628b3ed7047228eae653f5f2cde89a862f7
  IQKeyboardManagerSwift: b07ccf9d8cafe993dcd6cb794eb4ba34611a0c4e
  Kingfisher: c148cd7b47ebde9989f6bc7c27dcaa79d81279a0
  ObjectMapper: 0d4402610f4e468903ae64629eec4784531e5c51
  PhoneNumberKit: 167ee1f0bbb6efce7c62559e620eae745595532f
  pop: d582054913807fd11fd50bfe6a539d91c7e1a55a
  PureLayout: f08c01b8dec00bb14a1fefa3de4c7d9c265df85e
  SwiftyJSON: c4bcba26dd9ec7a027fc8eade48e2c911f229e96
  "UITextView+Placeholder": 0c3efd97f37ea64bde7f34cc6e90fe02e87b3909

PODFILE CHECKSUM: 428c3ac512094b8b934eb0b6deaf0b3298a6e76b

COCOAPODS: 1.5.3
